
Microsoft Visual Studio Solution File, Format Version 12.00
# Visual Studio 15
VisualStudioVersion = 15.0.28307.329
MinimumVisualStudioVersion = 10.0.40219.1
Project("{FAE04EC0-301F-11D3-BF4B-00C04F79EFBC}") = "GetFilesFromKomi", "FilesToKomi\GetFilesFromKomi.csproj", "{EB66F281-382C-46FB-9290-10980F12D300}"
EndProject
Global
	GlobalSection(SolutionConfigurationPlatforms) = preSolution
		Debug|Any CPU = Debug|Any CPU
		Release|Any CPU = Release|Any CPU
	EndGlobalSection
	GlobalSection(ProjectConfigurationPlatforms) = postSolution
		{EB66F281-382C-46FB-9290-10980F12D300}.Debug|Any CPU.ActiveCfg = Debug|Any CPU
		{EB66F281-382C-46FB-9290-10980F12D300}.Debug|Any CPU.Build.0 = Debug|Any CPU
		{EB66F281-382C-46FB-9290-10980F12D300}.Release|Any CPU.ActiveCfg = Release|Any CPU
		{EB66F281-382C-46FB-9290-10980F12D300}.Release|Any CPU.Build.0 = Release|Any CPU
	EndGlobalSection
	GlobalSection(SolutionProperties) = preSolution
		HideSolutionNode = FALSE
	EndGlobalSection
	GlobalSection(ExtensibilityGlobals) = postSolution
		SolutionGuid = {D288A2ED-CF2B-44F2-89A6-0588A3E4E34A}
	EndGlobalSection
EndGlobal
